
Microsoft Visual Studio Solution File, Format Version 12.00
# Visual Studio Version 16
VisualStudioVersion = 16.0.31321.278
MinimumVisualStudioVersion = 10.0.40219.1
Project("{8BC9CEB8-8B4A-11D0-8D11-00A0C91BC942}") = "Sandbox", "Sandbox\Sandbox.vcxproj", "{D4240E48-E80A-4D11-A0B7-137A188DFB78}"
EndProject
Project("{8BC9CEB8-8B4A-11D0-8D11-00A0C91BC942}") = "FlatEngine", "FlatEngine\FlatEngine.vcxproj", "{8F9495B2-81D7-4F42-A4D6-9D0521CD7611}"
EndProject
Global
	GlobalSection(SolutionConfigurationPlatforms) = preSolution
		Debug|x64 = Debug|x64
		Release|x64 = Release|x64
	EndGlobalSection
	GlobalSection(ProjectConfigurationPlatforms) = postSolution
		{8F9495B2-81D7-4F42-A4D6-9D0521CD7611}.Debug|x64.ActiveCfg = Debug|x64
		{8F9495B2-81D7-4F42-A4D6-9D0521CD7611}.Debug|x64.Build.0 = Debug|x64
		{8F9495B2-81D7-4F42-A4D6-9D0521CD7611}.Release|x64.ActiveCfg = Release|x64
		{8F9495B2-81D7-4F42-A4D6-9D0521CD7611}.Release|x64.Build.0 = Release|x64
		{D4240E48-E80A-4D11-A0B7-137A188DFB78}.Debug|x64.ActiveCfg = Debug|x64
		{D4240E48-E80A-4D11-A0B7-137A188DFB78}.Debug|x64.Build.0 = Debug|x64
		{D4240E48-E80A-4D11-A0B7-137A188DFB78}.Release|x64.ActiveCfg = Release|x64
		{D4240E48-E80A-4D11-A0B7-137A188DFB78}.Release|x64.Build.0 = Release|x64
	EndGlobalSection
	GlobalSection(SolutionProperties) = preSolution
		HideSolutionNode = FALSE
	EndGlobalSection
	GlobalSection(ExtensibilityGlobals) = postSolution
		SolutionGuid = {2D7A90E0-A630-4BD6-9579-EBFAC6F89E53}
	EndGlobalSection
EndGlobal
